
Microsoft Visual Studio Solution File, Format Version 12.00
# Visual Studio Version 17
VisualStudioVersion = 17.6.33815.320
MinimumVisualStudioVersion = 10.0.40219.1
Project("{2150E333-8FDC-42A3-9474-1A3956D46DE8}") = "Application Layer", "Application Layer", "{5C630372-8427-459B-8B3A-781F51D21686}"
EndProject
Project("{2150E333-8FDC-42A3-9474-1A3956D46DE8}") = "Dominio Layer", "Dominio Layer", "{4C75F4A3-BF13-4FDA-96AA-65EC896B972B}"
EndProject
Project("{2150E333-8FDC-42A3-9474-1A3956D46DE8}") = "Infraestruture Layer", "Infraestruture Layer", "{24482BF1-F698-463B-B3FB-9C4F177EF33C}"
EndProject
Project("{FAE04EC0-301F-11D3-BF4B-00C04F79EFBC}") = "WCFPractica", "WCFPractica\WCFPractica.csproj", "{7001A050-88AE-490B-8556-09C6E1500CC6}"
EndProject
Project("{FAE04EC0-301F-11D3-BF4B-00C04F79EFBC}") = "Pacagroup.Comercial.Creditos.Dominio", "Pacagroup.Comercial.Creditos.Dominio\Pacagroup.Comercial.Creditos.Dominio.csproj", "{008C33FA-E134-44E5-967A-94BC4C7CB6C3}"
EndProject
Project("{FAE04EC0-301F-11D3-BF4B-00C04F79EFBC}") = "Pacagroup.Comercial.Creditos.Contratos", "Pacagroup.Comercial.Creditos.Contratos\Pacagroup.Comercial.Creditos.Contratos.csproj", "{493DA541-71F1-4557-9F51-B8C317BAC607}"
EndProject
Project("{FAE04EC0-301F-11D3-BF4B-00C04F79EFBC}") = "Pacagroup.Comercial.Creditos.Implementaciones", "Pacagroup.Comercial.Creditos.Implementaciones\Pacagroup.Comercial.Creditos.Implementaciones.csproj", "{3044F92A-9E7E-43EF-9DA0-89A8FD3E312A}"
EndProject
Global
	GlobalSection(SolutionConfigurationPlatforms) = preSolution
		Debug|Any CPU = Debug|Any CPU
		Release|Any CPU = Release|Any CPU
	EndGlobalSection
	GlobalSection(ProjectConfigurationPlatforms) = postSolution
		{7001A050-88AE-490B-8556-09C6E1500CC6}.Debug|Any CPU.ActiveCfg = Debug|Any CPU
		{7001A050-88AE-490B-8556-09C6E1500CC6}.Debug|Any CPU.Build.0 = Debug|Any CPU
		{7001A050-88AE-490B-8556-09C6E1500CC6}.Release|Any CPU.ActiveCfg = Release|Any CPU
		{7001A050-88AE-490B-8556-09C6E1500CC6}.Release|Any CPU.Build.0 = Release|Any CPU
		{008C33FA-E134-44E5-967A-94BC4C7CB6C3}.Debug|Any CPU.ActiveCfg = Debug|Any CPU
		{008C33FA-E134-44E5-967A-94BC4C7CB6C3}.Debug|Any CPU.Build.0 = Debug|Any CPU
		{008C33FA-E134-44E5-967A-94BC4C7CB6C3}.Release|Any CPU.ActiveCfg = Release|Any CPU
		{008C33FA-E134-44E5-967A-94BC4C7CB6C3}.Release|Any CPU.Build.0 = Release|Any CPU
		{493DA541-71F1-4557-9F51-B8C317BAC607}.Debug|Any CPU.ActiveCfg = Debug|Any CPU
		{493DA541-71F1-4557-9F51-B8C317BAC607}.Debug|Any CPU.Build.0 = Debug|Any CPU
		{493DA541-71F1-4557-9F51-B8C317BAC607}.Release|Any CPU.ActiveCfg = Release|Any CPU
		{493DA541-71F1-4557-9F51-B8C317BAC607}.Release|Any CPU.Build.0 = Release|Any CPU
		{3044F92A-9E7E-43EF-9DA0-89A8FD3E312A}.Debug|Any CPU.ActiveCfg = Debug|Any CPU
		{3044F92A-9E7E-43EF-9DA0-89A8FD3E312A}.Debug|Any CPU.Build.0 = Debug|Any CPU
		{3044F92A-9E7E-43EF-9DA0-89A8FD3E312A}.Release|Any CPU.ActiveCfg = Release|Any CPU
		{3044F92A-9E7E-43EF-9DA0-89A8FD3E312A}.Release|Any CPU.Build.0 = Release|Any CPU
	EndGlobalSection
	GlobalSection(SolutionProperties) = preSolution
		HideSolutionNode = FALSE
	EndGlobalSection
	GlobalSection(NestedProjects) = preSolution
		{7001A050-88AE-490B-8556-09C6E1500CC6} = {5C630372-8427-459B-8B3A-781F51D21686}
		{008C33FA-E134-44E5-967A-94BC4C7CB6C3} = {4C75F4A3-BF13-4FDA-96AA-65EC896B972B}
		{493DA541-71F1-4557-9F51-B8C317BAC607} = {5C630372-8427-459B-8B3A-781F51D21686}
		{3044F92A-9E7E-43EF-9DA0-89A8FD3E312A} = {5C630372-8427-459B-8B3A-781F51D21686}
	EndGlobalSection
	GlobalSection(ExtensibilityGlobals) = postSolution
		SolutionGuid = {23FF9432-B662-49E2-B7F0-E6ECD660E703}
	EndGlobalSection
EndGlobal
